// !$*UTF8*$!
{
	archiveVersion = 1;
	classes = {
	};
	objectVersion = 50;
	objects = {

/* Begin PBXBuildFile section */
		8456CDD02316E6FC00A0D5E5 /* AppDelegate.swift in Sources */ = {isa = PBXBuildFile; fileRef = 8456CDCF2316E6FC00A0D5E5 /* AppDelegate.swift */; };
		8456CDD22316E6FC00A0D5E5 /* ViewController.swift in Sources */ = {isa = PBXBuildFile; fileRef = 8456CDD12316E6FC00A0D5E5 /* ViewController.swift */; };
		8456CDD52316E6FC00A0D5E5 /* Main.storyboard in Resources */ = {isa = PBXBuildFile; fileRef = 8456CDD32316E6FC00A0D5E5 /* Main.storyboard */; };
		8456CDD72316E6FD00A0D5E5 /* Assets.xcassets in Resources */ = {isa = PBXBuildFile; fileRef = 8456CDD62316E6FD00A0D5E5 /* Assets.xcassets */; };
		8456CDDA2316E6FD00A0D5E5 /* LaunchScreen.storyboard in Resources */ = {isa = PBXBuildFile; fileRef = 8456CDD82316E6FD00A0D5E5 /* LaunchScreen.storyboard */; };
		8456CDEB2316E80F00A0D5E5 /* SwiftTipsInPracticeTests.swift in Sources */ = {isa = PBXBuildFile; fileRef = 8456CDEA2316E80F00A0D5E5 /* SwiftTipsInPracticeTests.swift */; };
		8456CDF42316E8FA00A0D5E5 /* Demo100ViewController.swift in Sources */ = {isa = PBXBuildFile; fileRef = 8456CDF32316E8FA00A0D5E5 /* Demo100ViewController.swift */; };
		8456CDF72316EB7300A0D5E5 /* Demo99ViewController.swift in Sources */ = {isa = PBXBuildFile; fileRef = 8456CDF62316EB7300A0D5E5 /* Demo99ViewController.swift */; };
		8456CDF92316EC1300A0D5E5 /* DependencyInjectionDemo.swift in Sources */ = {isa = PBXBuildFile; fileRef = 8456CDF82316EC1300A0D5E5 /* DependencyInjectionDemo.swift */; };
/* End PBXBuildFile section */

/* Begin PBXContainerItemProxy section */
		8456CDED2316E80F00A0D5E5 /* PBXContainerItemProxy */ = {
			isa = PBXContainerItemProxy;
			containerPortal = 8456CDC42316E6FC00A0D5E5 /* Project object */;
			proxyType = 1;
			remoteGlobalIDString = 8456CDCB2316E6FC00A0D5E5;
			remoteInfo = SwiftTipsInPractice;
		};
/* End PBXContainerItemProxy section */

/* Begin PBXFileReference section */
		316368A12317766600192CFB /* README.md */ = {isa = PBXFileReference; lastKnownFileType = net.daringfireball.markdown; path = README.md; sourceTree = "<group>"; };
		8456CDCC2316E6FC00A0D5E5 /* SwiftTipsInPractice.app */ = {isa = PBXFileReference; explicitFileType = wrapper.application; includeInIndex = 0; path = SwiftTipsInPractice.app; sourceTree = BUILT_PRODUCTS_DIR; };
		8456CDCF2316E6FC00A0D5E5 /* AppDelegate.swift */ = {isa = PBXFileReference; lastKnownFileType = sourcecode.swift; path = AppDelegate.swift; sourceTree = "<group>"; };
		8456CDD12316E6FC00A0D5E5 /* ViewController.swift */ = {isa = PBXFileReference; lastKnownFileType = sourcecode.swift; path = ViewController.swift; sourceTree = "<group>"; };
		8456CDD42316E6FC00A0D5E5 /* Base */ = {isa = PBXFileReference; lastKnownFileType = file.storyboard; name = Base; path = Base.lproj/Main.storyboard; sourceTree = "<group>"; };
		8456CDD62316E6FD00A0D5E5 /* Assets.xcassets */ = {isa = PBXFileReference; lastKnownFileType = folder.assetcatalog; path = Assets.xcassets; sourceTree = "<group>"; };
		8456CDD92316E6FD00A0D5E5 /* Base */ = {isa = PBXFileReference; lastKnownFileType = file.storyboard; name = Base; path = Base.lproj/LaunchScreen.storyboard; sourceTree = "<group>"; };
		8456CDDB2316E6FD00A0D5E5 /* Info.plist */ = {isa = PBXFileReference; lastKnownFileType = text.plist.xml; path = Info.plist; sourceTree = "<group>"; };
		8456CDE32316E7CD00A0D5E5 /* README.md */ = {isa = PBXFileReference; lastKnownFileType = net.daringfireball.markdown; path = README.md; sourceTree = "<group>"; };
		8456CDE82316E80F00A0D5E5 /* SwiftTipsInPracticeTests.xctest */ = {isa = PBXFileReference; explicitFileType = wrapper.cfbundle; includeInIndex = 0; path = SwiftTipsInPracticeTests.xctest; sourceTree = BUILT_PRODUCTS_DIR; };
		8456CDEA2316E80F00A0D5E5 /* SwiftTipsInPracticeTests.swift */ = {isa = PBXFileReference; lastKnownFileType = sourcecode.swift; path = SwiftTipsInPracticeTests.swift; sourceTree = "<group>"; };
		8456CDEC2316E80F00A0D5E5 /* Info.plist */ = {isa = PBXFileReference; lastKnownFileType = text.plist.xml; path = Info.plist; sourceTree = "<group>"; };
		8456CDF32316E8FA00A0D5E5 /* Demo100ViewController.swift */ = {isa = PBXFileReference; lastKnownFileType = sourcecode.swift; path = Demo100ViewController.swift; sourceTree = "<group>"; };
		8456CDF62316EB7300A0D5E5 /* Demo99ViewController.swift */ = {isa = PBXFileReference; lastKnownFileType = sourcecode.swift; path = Demo99ViewController.swift; sourceTree = "<group>"; };
		8456CDF82316EC1300A0D5E5 /* DependencyInjectionDemo.swift */ = {isa = PBXFileReference; lastKnownFileType = sourcecode.swift; path = DependencyInjectionDemo.swift; sourceTree = "<group>"; };
/* End PBXFileReference section */

/* Begin PBXFrameworksBuildPhase section */
		8456CDC92316E6FC00A0D5E5 /* Frameworks */ = {
			isa = PBXFrameworksBuildPhase;
			buildActionMask = 2147483647;
			files = (
			);
			runOnlyForDeploymentPostprocessing = 0;
		};
		8456CDE52316E80F00A0D5E5 /* Frameworks */ = {
			isa = PBXFrameworksBuildPhase;
			buildActionMask = 2147483647;
			files = (
			);
			runOnlyForDeploymentPostprocessing = 0;
		};
/* End PBXFrameworksBuildPhase section */

/* Begin PBXGroup section */
		8456CDC32316E6FC00A0D5E5 = {
			isa = PBXGroup;
			children = (
				316368A12317766600192CFB /* README.md */,
				8456CDCE2316E6FC00A0D5E5 /* SwiftTipsInPractice */,
				8456CDE92316E80F00A0D5E5 /* SwiftTipsInPracticeTests */,
				8456CDCD2316E6FC00A0D5E5 /* Products */,
			);
			sourceTree = "<group>";
		};
		8456CDCD2316E6FC00A0D5E5 /* Products */ = {
			isa = PBXGroup;
			children = (
				8456CDCC2316E6FC00A0D5E5 /* SwiftTipsInPractice.app */,
				8456CDE82316E80F00A0D5E5 /* SwiftTipsInPracticeTests.xctest */,
			);
			name = Products;
			sourceTree = "<group>";
		};
		8456CDCE2316E6FC00A0D5E5 /* SwiftTipsInPractice */ = {
			isa = PBXGroup;
			children = (
				8456CDE12316E75600A0D5E5 /* SwiftTips */,
				8456CDCF2316E6FC00A0D5E5 /* AppDelegate.swift */,
				8456CDD12316E6FC00A0D5E5 /* ViewController.swift */,
				8456CDD32316E6FC00A0D5E5 /* Main.storyboard */,
				8456CDD62316E6FD00A0D5E5 /* Assets.xcassets */,
				8456CDD82316E6FD00A0D5E5 /* LaunchScreen.storyboard */,
				8456CDDB2316E6FD00A0D5E5 /* Info.plist */,
			);
			path = SwiftTipsInPractice;
			sourceTree = "<group>";
		};
		8456CDE12316E75600A0D5E5 /* SwiftTips */ = {
			isa = PBXGroup;
			children = (
				8456CDF52316EB6200A0D5E5 /* 99 */,
				8456CDF22316E8BB00A0D5E5 /* 100 */,
				8456CDE22316E7B400A0D5E5 /* 102 */,
			);
			path = SwiftTips;
			sourceTree = "<group>";
		};
		8456CDE22316E7B400A0D5E5 /* 102 */ = {
			isa = PBXGroup;
			children = (
				8456CDE32316E7CD00A0D5E5 /* README.md */,
			);
			path = 102;
			sourceTree = "<group>";
		};
		8456CDE92316E80F00A0D5E5 /* SwiftTipsInPracticeTests */ = {
			isa = PBXGroup;
			children = (
				8456CDEA2316E80F00A0D5E5 /* SwiftTipsInPracticeTests.swift */,
				8456CDEC2316E80F00A0D5E5 /* Info.plist */,
			);
			path = SwiftTipsInPracticeTests;
			sourceTree = "<group>";
		};
		8456CDF22316E8BB00A0D5E5 /* 100 */ = {
			isa = PBXGroup;
			children = (
				8456CDF32316E8FA00A0D5E5 /* Demo100ViewController.swift */,
			);
			path = 100;
			sourceTree = "<group>";
		};
		8456CDF52316EB6200A0D5E5 /* 99 */ = {
			isa = PBXGroup;
			children = (
				8456CDF62316EB7300A0D5E5 /* Demo99ViewController.swift */,
				8456CDF82316EC1300A0D5E5 /* DependencyInjectionDemo.swift */,
			);
			path = 99;
			sourceTree = "<group>";
		};
/* End PBXGroup section */

/* Begin PBXNativeTarget section */
		8456CDCB2316E6FC00A0D5E5 /* SwiftTipsInPractice */ = {
			isa = PBXNativeTarget;
			buildConfigurationList = 8456CDDE2316E6FD00A0D5E5 /* Build configuration list for PBXNativeTarget "SwiftTipsInPractice" */;
			buildPhases = (
				8456CDC82316E6FC00A0D5E5 /* Sources */,
				8456CDC92316E6FC00A0D5E5 /* Frameworks */,
				8456CDCA2316E6FC00A0D5E5 /* Resources */,
			);
			buildRules = (
			);
			dependencies = (
			);
			name = SwiftTipsInPractice;
			productName = SwiftTipsInPractice;
			productReference = 8456CDCC2316E6FC00A0D5E5 /* SwiftTipsInPractice.app */;
			productType = "com.apple.product-type.application";
		};
		8456CDE72316E80F00A0D5E5 /* SwiftTipsInPracticeTests */ = {
			isa = PBXNativeTarget;
			buildConfigurationList = 8456CDEF2316E80F00A0D5E5 /* Build configuration list for PBXNativeTarget "SwiftTipsInPracticeTests" */;
			buildPhases = (
				8456CDE42316E80F00A0D5E5 /* Sources */,
				8456CDE52316E80F00A0D5E5 /* Frameworks */,
				8456CDE62316E80F00A0D5E5 /* Resources */,
			);
			buildRules = (
			);
			dependencies = (
				8456CDEE2316E80F00A0D5E5 /* PBXTargetDependency */,
			);
			name = SwiftTipsInPracticeTests;
			productName = SwiftTipsInPracticeTests;
			productReference = 8456CDE82316E80F00A0D5E5 /* SwiftTipsInPracticeTests.xctest */;
			productType = "com.apple.product-type.bundle.unit-test";
		};
/* End PBXNativeTarget section */

/* Begin PBXProject section */
		8456CDC42316E6FC00A0D5E5 /* Project object */ = {
			isa = PBXProject;
			attributes = {
				LastSwiftUpdateCheck = 1030;
				LastUpgradeCheck = 1030;
				ORGANIZATIONNAME = kingcos;
				TargetAttributes = {
					8456CDCB2316E6FC00A0D5E5 = {
						CreatedOnToolsVersion = 10.3;
					};
					8456CDE72316E80F00A0D5E5 = {
						CreatedOnToolsVersion = 10.3;
						TestTargetID = 8456CDCB2316E6FC00A0D5E5;
					};
				};
			};
			buildConfigurationList = 8456CDC72316E6FC00A0D5E5 /* Build configuration list for PBXProject "SwiftTipsInPractice" */;
			compatibilityVersion = "Xcode 9.3";
			developmentRegion = en;
			hasScannedForEncodings = 0;
			knownRegions = (
				en,
				Base,
			);
			mainGroup = 8456CDC32316E6FC00A0D5E5;
			productRefGroup = 8456CDCD2316E6FC00A0D5E5 /* Products */;
			projectDirPath = "";
			projectRoot = "";
			targets = (
				8456CDCB2316E6FC00A0D5E5 /* SwiftTipsInPractice */,
				8456CDE72316E80F00A0D5E5 /* SwiftTipsInPracticeTests */,
			);
		};
/* End PBXProject section */

/* Begin PBXResourcesBuildPhase section */
		8456CDCA2316E6FC00A0D5E5 /* Resources */ = {
			isa = PBXResourcesBuildPhase;
			buildActionMask = 2147483647;
			files = (
				8456CDDA2316E6FD00A0D5E5 /* LaunchScreen.storyboard in Resources */,
				8456CDD72316E6FD00A0D5E5 /* Assets.xcassets in Resources */,
				8456CDD52316E6FC00A0D5E5 /* Main.storyboard in Resources */,
			);
			runOnlyForDeploymentPostprocessing = 0;
		};
		8456CDE62316E80F00A0D5E5 /* Resources */ = {
			isa = PBXResourcesBuildPhase;
			buildActionMask = 2147483647;
			files = (
			);
			runOnlyForDeploymentPostprocessing = 0;
		};
/* End PBXResourcesBuildPhase section */

/* Begin PBXSourcesBuildPhase section */
		8456CDC82316E6FC00A0D5E5 /* Sources */ = {
			isa = PBXSourcesBuildPhase;
			buildActionMask = 2147483647;
			files = (
				8456CDD22316E6FC00A0D5E5 /* ViewController.swift in Sources */,
				8456CDF42316E8FA00A0D5E5 /* Demo100ViewController.swift in Sources */,
				8456CDF92316EC1300A0D5E5 /* DependencyInjectionDemo.swift in Sources */,
				8456CDD02316E6FC00A0D5E5 /* AppDelegate.swift in Sources */,
				8456CDF72316EB7300A0D5E5 /* Demo99ViewController.swift in Sources */,
			);
			runOnlyForDeploymentPostprocessing = 0;
		};
		8456CDE42316E80F00A0D5E5 /* Sources */ = {
			isa = PBXSourcesBuildPhase;
			buildActionMask = 2147483647;
			files = (
				8456CDEB2316E80F00A0D5E5 /* SwiftTipsInPracticeTests.swift in Sources */,
			);
			runOnlyForDeploymentPostprocessing = 0;
		};
/* End PBXSourcesBuildPhase section */

/* Begin PBXTargetDependency section */
		8456CDEE2316E80F00A0D5E5 /* PBXTargetDependency */ = {
			isa = PBXTargetDependency;
			target = 8456CDCB2316E6FC00A0D5E5 /* SwiftTipsInPractice */;
			targetProxy = 8456CDED2316E80F00A0D5E5 /* PBXContainerItemProxy */;
		};
/* End PBXTargetDependency section */

/* Begin PBXVariantGroup section */
		8456CDD32316E6FC00A0D5E5 /* Main.storyboard */ = {
			isa = PBXVariantGroup;
			children = (
				8456CDD42316E6FC00A0D5E5 /* Base */,
			);
			name = Main.storyboard;
			sourceTree = "<group>";
		};
		8456CDD82316E6FD00A0D5E5 /* LaunchScreen.storyboard */ = {
			isa = PBXVariantGroup;
			children = (
				8456CDD92316E6FD00A0D5E5 /* Base */,
			);
			name = LaunchScreen.storyboard;
			sourceTree = "<group>";
		};
/* End PBXVariantGroup section */

/* Begin XCBuildConfiguration section */
		8456CDDC2316E6FD00A0D5E5 /* Debug */ = {
			isa = XCBuildConfiguration;
			buildSettings = {
				ALWAYS_SEARCH_USER_PATHS = NO;
				CLANG_ANALYZER_NONNULL = YES;
				CLANG_ANALYZER_NUMBER_OBJECT_CONVERSION = YES_AGGRESSIVE;
				CLANG_CXX_LANGUAGE_STANDARD = "gnu++14";
				CLANG_CXX_LIBRARY = "libc++";
				CLANG_ENABLE_MODULES = YES;
				CLANG_ENABLE_OBJC_ARC = YES;
				CLANG_ENABLE_OBJC_WEAK = YES;
				CLANG_WARN_BLOCK_CAPTURE_AUTORELEASING = YES;
				CLANG_WARN_BOOL_CONVERSION = YES;
				CLANG_WARN_COMMA = YES;
				CLANG_WARN_CONSTANT_CONVERSION = YES;
				CLANG_WARN_DEPRECATED_OBJC_IMPLEMENTATIONS = YES;
				CLANG_WARN_DIRECT_OBJC_ISA_USAGE = YES_ERROR;
				CLANG_WARN_DOCUMENTATION_COMMENTS = YES;
				CLANG_WARN_EMPTY_BODY = YES;
				CLANG_WARN_ENUM_CONVERSION = YES;
				CLANG_WARN_INFINITE_RECURSION = YES;
				CLANG_WARN_INT_CONVERSION = YES;
				CLANG_WARN_NON_LITERAL_NULL_CONVERSION = YES;
				CLANG_WARN_OBJC_IMPLICIT_RETAIN_SELF = YES;
				CLANG_WARN_OBJC_LITERAL_CONVERSION = YES;
				CLANG_WARN_OBJC_ROOT_CLASS = YES_ERROR;
				CLANG_WARN_RANGE_LOOP_ANALYSIS = YES;
				CLANG_WARN_STRICT_PROTOTYPES = YES;
				CLANG_WARN_SUSPICIOUS_MOVE = YES;
				CLANG_WARN_UNGUARDED_AVAILABILITY = YES_AGGRESSIVE;
				CLANG_WARN_UNREACHABLE_CODE = YES;
				CLANG_WARN__DUPLICATE_METHOD_MATCH = YES;
				CODE_SIGN_IDENTITY = "iPhone Developer";
				COPY_PHASE_STRIP = NO;
				DEBUG_INFORMATION_FORMAT = dwarf;
				ENABLE_STRICT_OBJC_MSGSEND = YES;
				ENABLE_TESTABILITY = YES;
				GCC_C_LANGUAGE_STANDARD = gnu11;
				GCC_DYNAMIC_NO_PIC = NO;
				GCC_NO_COMMON_BLOCKS = YES;
				GCC_OPTIMIZATION_LEVEL = 0;
				GCC_PREPROCESSOR_DEFINITIONS = (
					"DEBUG=1",
					"$(inherited)",
				);
				GCC_WARN_64_TO_32_BIT_CONVERSION = YES;
				GCC_WARN_ABOUT_RETURN_TYPE = YES_ERROR;
				GCC_WARN_UNDECLARED_SELECTOR = YES;
				GCC_WARN_UNINITIALIZED_AUTOS = YES_AGGRESSIVE;
				GCC_WARN_UNUSED_FUNCTION = YES;
				GCC_WARN_UNUSED_VARIABLE = YES;
				IPHONEOS_DEPLOYMENT_TARGET = 12.4;
				MTL_ENABLE_DEBUG_INFO = INCLUDE_SOURCE;
				MTL_FAST_MATH = YES;
				ONLY_ACTIVE_ARCH = YES;
				SDKROOT = iphoneos;
				SWIFT_ACTIVE_COMPILATION_CONDITIONS = DEBUG;
				SWIFT_OPTIMIZATION_LEVEL = "-Onone";
			};
			name = Debug;
		};
		8456CDDD2316E6FD00A0D5E5 /* Release */ = {
			isa = XCBuildConfiguration;
			buildSettings = {
				ALWAYS_SEARCH_USER_PATHS = NO;
				CLANG_ANALYZER_NONNULL = YES;
				CLANG_ANALYZER_NUMBER_OBJECT_CONVERSION = YES_AGGRESSIVE;
				CLANG_CXX_LANGUAGE_STANDARD = "gnu++14";
				CLANG_CXX_LIBRARY = "libc++";
				CLANG_ENABLE_MODULES = YES;
				CLANG_ENABLE_OBJC_ARC = YES;
				CLANG_ENABLE_OBJC_WEAK = YES;
				CLANG_WARN_BLOCK_CAPTURE_AUTORELEASING = YES;
				CLANG_WARN_BOOL_CONVERSION = YES;
				CLANG_WARN_COMMA = YES;
				CLANG_WARN_CONSTANT_CONVERSION = YES;
				CLANG_WARN_DEPRECATED_OBJC_IMPLEMENTATIONS = YES;
				CLANG_WARN_DIRECT_OBJC_ISA_USAGE = YES_ERROR;
				CLANG_WARN_DOCUMENTATION_COMMENTS = YES;
				CLANG_WARN_EMPTY_BODY = YES;
				CLANG_WARN_ENUM_CONVERSION = YES;
				CLANG_WARN_INFINITE_RECURSION = YES;
				CLANG_WARN_INT_CONVERSION = YES;
				CLANG_WARN_NON_LITERAL_NULL_CONVERSION = YES;
				CLANG_WARN_OBJC_IMPLICIT_RETAIN_SELF = YES;
				CLANG_WARN_OBJC_LITERAL_CONVERSION = YES;
				CLANG_WARN_OBJC_ROOT_CLASS = YES_ERROR;
				CLANG_WARN_RANGE_LOOP_ANALYSIS = YES;
				CLANG_WARN_STRICT_PROTOTYPES = YES;
				CLANG_WARN_SUSPICIOUS_MOVE = YES;
				CLANG_WARN_UNGUARDED_AVAILABILITY = YES_AGGRESSIVE;
				CLANG_WARN_UNREACHABLE_CODE = YES;
				CLANG_WARN__DUPLICATE_METHOD_MATCH = YES;
				CODE_SIGN_IDENTITY = "iPhone Developer";
				COPY_PHASE_STRIP = NO;
				DEBUG_INFORMATION_FORMAT = "dwarf-with-dsym";
				ENABLE_NS_ASSERTIONS = NO;
				ENABLE_STRICT_OBJC_MSGSEND = YES;
				GCC_C_LANGUAGE_STANDARD = gnu11;
				GCC_NO_COMMON_BLOCKS = YES;
				GCC_WARN_64_TO_32_BIT_CONVERSION = YES;
				GCC_WARN_ABOUT_RETURN_TYPE = YES_ERROR;
				GCC_WARN_UNDECLARED_SELECTOR = YES;
				GCC_WARN_UNINITIALIZED_AUTOS = YES_AGGRESSIVE;
				GCC_WARN_UNUSED_FUNCTION = YES;
				GCC_WARN_UNUSED_VARIABLE = YES;
				IPHONEOS_DEPLOYMENT_TARGET = 12.4;
				MTL_ENABLE_DEBUG_INFO = NO;
				MTL_FAST_MATH = YES;
				SDKROOT = iphoneos;
				SWIFT_COMPILATION_MODE = wholemodule;
				SWIFT_OPTIMIZATION_LEVEL = "-O";
				VALIDATE_PRODUCT = YES;
			};
			name = Release;
		};
		8456CDDF2316E6FD00A0D5E5 /* Debug */ = {
			isa = XCBuildConfiguration;
			buildSettings = {
				ASSETCATALOG_COMPILER_APPICON_NAME = AppIcon;
				CODE_SIGN_STYLE = Automatic;
				DEVELOPMENT_TEAM = LEG7CXMPKJ;
				INFOPLIST_FILE = SwiftTipsInPractice/Info.plist;
				IPHONEOS_DEPLOYMENT_TARGET = 12.0;
				LD_RUNPATH_SEARCH_PATHS = (
					"$(inherited)",
					"@executable_path/Frameworks",
				);
				PRODUCT_BUNDLE_IDENTIFIER = com.maimieng.SwiftTipsInPractice;
				PRODUCT_NAME = "$(TARGET_NAME)";
				SWIFT_VERSION = 5.0;
				TARGETED_DEVICE_FAMILY = "1,2";
			};
			name = Debug;
		};
		8456CDE02316E6FD00A0D5E5 /* Release */ = {
			isa = XCBuildConfiguration;
			buildSettings = {
				ASSETCATALOG_COMPILER_APPICON_NAME = AppIcon;
				CODE_SIGN_STYLE = Automatic;
				DEVELOPMENT_TEAM = LEG7CXMPKJ;
				INFOPLIST_FILE = SwiftTipsInPractice/Info.plist;
				IPHONEOS_DEPLOYMENT_TARGET = 12.0;
				LD_RUNPATH_SEARCH_PATHS = (
					"$(inherited)",
					"@executable_path/Frameworks",
				);
				PRODUCT_BUNDLE_IDENTIFIER = com.maimieng.SwiftTipsInPractice;
				PRODUCT_NAME = "$(TARGET_NAME)";
				SWIFT_VERSION = 5.0;
				TARGETED_DEVICE_FAMILY = "1,2";
			};
			name = Release;
		};
		8456CDF02316E80F00A0D5E5 /* Debug */ = {
			isa = XCBuildConfiguration;
			buildSettings = {
				BUNDLE_LOADER = "$(TEST_HOST)";
				CODE_SIGN_STYLE = Automatic;
				DEVELOPMENT_TEAM = LEG7CXMPKJ;
				INFOPLIST_FILE = SwiftTipsInPracticeTests/Info.plist;
				LD_RUNPATH_SEARCH_PATHS = (
					"$(inherited)",
					"@executable_path/Frameworks",
					"@loader_path/Frameworks",
				);
				PRODUCT_BUNDLE_IDENTIFIER = com.maimieng.SwiftTipsInPracticeTests;
				PRODUCT_NAME = "$(TARGET_NAME)";
				SWIFT_VERSION = 5.0;
				TARGETED_DEVICE_FAMILY = "1,2";
				TEST_HOST = "$(BUILT_PRODUCTS_DIR)/SwiftTipsInPractice.app/SwiftTipsInPractice";
			};
			name = Debug;
		};
		8456CDF12316E80F00A0D5E5 /* Release */ = {
			isa = XCBuildConfiguration;
			buildSettings = {
				BUNDLE_LOADER = "$(TEST_HOST)";
				CODE_SIGN_STYLE = Automatic;
				DEVELOPMENT_TEAM = LEG7CXMPKJ;
				INFOPLIST_FILE = SwiftTipsInPracticeTests/Info.plist;
				LD_RUNPATH_SEARCH_PATHS = (
					"$(inherited)",
					"@executable_path/Frameworks",
					"@loader_path/Frameworks",
				);
				PRODUCT_BUNDLE_IDENTIFIER = com.maimieng.SwiftTipsInPracticeTests;
				PRODUCT_NAME = "$(TARGET_NAME)";
				SWIFT_VERSION = 5.0;
				TARGETED_DEVICE_FAMILY = "1,2";
				TEST_HOST = "$(BUILT_PRODUCTS_DIR)/SwiftTipsInPractice.app/SwiftTipsInPractice";
			};
			name = Release;
		};
/* End XCBuildConfiguration section */

/* Begin XCConfigurationList section */
		8456CDC72316E6FC00A0D5E5 /* Build configuration list for PBXProject "SwiftTipsInPractice" */ = {
			isa = XCConfigurationList;
			buildConfigurations = (
				8456CDDC2316E6FD00A0D5E5 /* Debug */,
				8456CDDD2316E6FD00A0D5E5 /* Release */,
			);
			defaultConfigurationIsVisible = 0;
			defaultConfigurationName = Release;
		};
		8456CDDE2316E6FD00A0D5E5 /* Build configuration list for PBXNativeTarget "SwiftTipsInPractice" */ = {
			isa = XCConfigurationList;
			buildConfigurations = (
				8456CDDF2316E6FD00A0D5E5 /* Debug */,
				8456CDE02316E6FD00A0D5E5 /* Release */,
			);
			defaultConfigurationIsVisible = 0;
			defaultConfigurationName = Release;
		};
		8456CDEF2316E80F00A0D5E5 /* Build configuration list for PBXNativeTarget "SwiftTipsInPracticeTests" */ = {
			isa = XCConfigurationList;
			buildConfigurations = (
				8456CDF02316E80F00A0D5E5 /* Debug */,
				8456CDF12316E80F00A0D5E5 /* Release */,
			);
			defaultConfigurationIsVisible = 0;
			defaultConfigurationName = Release;
		};
/* End XCConfigurationList section */
	};
	rootObject = 8456CDC42316E6FC00A0D5E5 /* Project object */;
}
